FORGE
  remote: https://forgeapi.puppetlabs.com
  specs:
    cristifalcas-etcd (1.10.1)
      puppetlabs-stdlib (< 5.0.0, >= 4.6.0)
    garethr-docker (5.3.0)
      puppetlabs-apt (<= 3.0.0, >= 1.8.0)
      puppetlabs-stdlib (>= 4.1.0)
      stahnma-epel (>= 0.0.6)
    puppetlabs-apt (3.0.0)
      puppetlabs-stdlib (< 5.0.0, >= 4.16.0)
    puppetlabs-stdlib (4.16.0)
    stahnma-epel (1.2.2)
      puppetlabs-stdlib (>= 3.0.0)

DEPENDENCIES
  cristifalcas-etcd (= 1.10.1)
  garethr-docker (= 5.3.0)
  puppetlabs-apt (= 3.0.0)

